# This file is generated by running "yarn install" inside your project.
# Manual changes might be lost - proceed with caution!

__metadata:
  version: 6
  cacheKey: 8

"@teller-protocol/ape-webflow-js@workspace:.":
  version: 0.0.0-use.local
  resolution: "@teller-protocol/ape-webflow-js@workspace:."
  dependencies:
    "@walletconnect/node": ^1.0.0
    "@walletconnect/qrcode-modal": ^1.8.0
  languageName: unknown
  linkType: soft

"@walletconnect/browser-utils@npm:^1.8.0":
  version: 1.8.0
  resolution: "@walletconnect/browser-utils@npm:1.8.0"
  dependencies:
    "@walletconnect/safe-json": 1.0.0
    "@walletconnect/types": ^1.8.0
    "@walletconnect/window-getters": 1.0.0
    "@walletconnect/window-metadata": 1.0.0
    detect-browser: 5.2.0
  checksum: cf4b55c9e8d53b1ffa99322ebcdfce7ad8df8e3ee90f57252da0b3882d3bfb592414cad09900c20619216c6a42d1184ad03728e6514e95a34467a8821aa5aef8
  languageName: node
  linkType: hard

"@walletconnect/core@npm:^1.0.0":
  version: 1.8.0
  resolution: "@walletconnect/core@npm:1.8.0"
  dependencies:
    "@walletconnect/socket-transport": ^1.8.0
    "@walletconnect/types": ^1.8.0
    "@walletconnect/utils": ^1.8.0
  checksum: 2d703ac417c1f0df33f35893aef24fd4ce7e1d9b274f6937dcdf0880ff46bf266e773e498f374e5f17a1e249c55e7c7af815c63676c5cea5fda737f326a28c14
  languageName: node
  linkType: hard

"@walletconnect/encoding@npm:^1.0.1":
  version: 1.0.1
  resolution: "@walletconnect/encoding@npm:1.0.1"
  dependencies:
    is-typedarray: 1.0.0
    typedarray-to-buffer: 3.1.5
  checksum: 964a9e0884a22604284da60b88212d6c9466bff5d4ed8a29064e6602d138ee30989973f016c314731f0fab534a4e24d3b352ef8bff522d9c04d35b0b20916c25
  languageName: node
  linkType: hard

"@walletconnect/environment@npm:^1.0.0":
  version: 1.0.0
  resolution: "@walletconnect/environment@npm:1.0.0"
  checksum: ba553bbaaf39fe6318a519d6cbb3a39e74cd55d24f24e31b02c35c579101156936b7180613e3bc8f82bf82e768ab5af9fc5991b673da9a0546aedd2940e581a0
  languageName: node
  linkType: hard

"@walletconnect/jsonrpc-types@npm:^1.0.1":
  version: 1.0.1
  resolution: "@walletconnect/jsonrpc-types@npm:1.0.1"
  dependencies:
    keyvaluestorage-interface: ^1.0.0
  checksum: 89ae6378541772b1c2ea4a217b017ae56dc0fba79222cc35cd4ad04f83af8d18834c46ef1c9f8d1fbebd5bf61e2133e4538d81636c64b10a6e14e46b25a3a1ff
  languageName: node
  linkType: hard

"@walletconnect/jsonrpc-utils@npm:^1.0.3":
  version: 1.0.3
  resolution: "@walletconnect/jsonrpc-utils@npm:1.0.3"
  dependencies:
    "@walletconnect/environment": ^1.0.0
    "@walletconnect/jsonrpc-types": ^1.0.1
  checksum: 143e7ea1829165d4e86a674a96b7355c1e188a02a729d58d476baf0a24b21e7d1f55507682f3517ade57d1bd89be1359423d977dbf5265c3b39e16e0f62e3e73
  languageName: node
  linkType: hard

"@walletconnect/mobile-registry@npm:^1.4.0":
  version: 1.4.0
  resolution: "@walletconnect/mobile-registry@npm:1.4.0"
  checksum: 06f18842e68f88e71e87f36daea143684afc49551974cf359fb55cc731e9b4fc0bce762d87b79b268e529def889e82fc2fbc2bc12d6a28a04ed0d6a060188020
  languageName: node
  linkType: hard

"@walletconnect/node-crypto@npm:^1.0.0":
  version: 1.0.0
  resolution: "@walletconnect/node-crypto@npm:1.0.0"
  dependencies:
    "@walletconnect/types": ^1.0.0
    "@walletconnect/utils": ^1.0.0
  checksum: dea621ac659a134eef6b6e60322c681a36621d3a1beadc45e2caf5b8b9e74f2e9d73640149d8b8f90ba9dd6519c857b0d48f684e31451371704c3c667f43281f
  languageName: node
  linkType: hard

"@walletconnect/node@npm:^1.0.0":
  version: 1.0.0
  resolution: "@walletconnect/node@npm:1.0.0"
  dependencies:
    "@walletconnect/core": ^1.0.0
    "@walletconnect/node-crypto": ^1.0.0
    "@walletconnect/types": ^1.0.0
    "@walletconnect/utils": ^1.0.0
  checksum: 596ab8e22a3e4c1dab544ac0fc6f10bc33ad4e97b98ab85517b1ad742b938a7c49b2a322aa713c18ff4c9564c444dbf96da3dff78eac7bf43d414b0b3d53d557
  languageName: node
  linkType: hard

"@walletconnect/qrcode-modal@npm:^1.8.0":
  version: 1.8.0
  resolution: "@walletconnect/qrcode-modal@npm:1.8.0"
  dependencies:
    "@walletconnect/browser-utils": ^1.8.0
    "@walletconnect/mobile-registry": ^1.4.0
    "@walletconnect/types": ^1.8.0
    copy-to-clipboard: ^3.3.1
    preact: 10.4.1
    qrcode: 1.4.4
  checksum: 0abae2268579f55da87ed766fee32d428f951f18ab0a4addbfe8cbcbad1ce3a5642cc26ceb80654b158e537000ee5006b14eff43515619bc17af8c5da51adc55
  languageName: node
  linkType: hard

"@walletconnect/safe-json@npm:1.0.0":
  version: 1.0.0
  resolution: "@walletconnect/safe-json@npm:1.0.0"
  checksum: a8ee161cad37242983522d19ace57c2d2725b5b1cf5fd4d61e3e5f4190a2b369acc4cd0fa40774b50cf4aa322f477e31b7841a6b8f0d84a3af12da8c4344e9b7
  languageName: node
  linkType: hard

"@walletconnect/socket-transport@npm:^1.8.0":
  version: 1.8.0
  resolution: "@walletconnect/socket-transport@npm:1.8.0"
  dependencies:
    "@walletconnect/types": ^1.8.0
    "@walletconnect/utils": ^1.8.0
    ws: 7.5.3
  checksum: 3c494399a3fd8165a8d631a66efd19779278dd6744b1e686a18394afad38a05450b9acb0117373e3376ac4721a2a298695fd550db79c1e456d4446e2b53f8a6d
  languageName: node
  linkType: hard

"@walletconnect/types@npm:^1.0.0, @walletconnect/types@npm:^1.8.0":
  version: 1.8.0
  resolution: "@walletconnect/types@npm:1.8.0"
  checksum: 194d615888068030183489222641332987846aa5c6bcf0a62fa60ca7a282b9f94932c49fcd2b293a859e98624fe3e7a2d3c5fb66545fe30d3391e7ac91a99e34
  languageName: node
  linkType: hard

"@walletconnect/utils@npm:^1.0.0, @walletconnect/utils@npm:^1.8.0":
  version: 1.8.0
  resolution: "@walletconnect/utils@npm:1.8.0"
  dependencies:
    "@walletconnect/browser-utils": ^1.8.0
    "@walletconnect/encoding": ^1.0.1
    "@walletconnect/jsonrpc-utils": ^1.0.3
    "@walletconnect/types": ^1.8.0
    bn.js: 4.11.8
    js-sha3: 0.8.0
    query-string: 6.13.5
  checksum: 41b21fc6cb29c0714579dac8da988c14985fc0fcc0c5f02979e72509f42bf658e3ca8ea22ac4a50a9753d26b630d38a6b5fec84131a9eff0b78318b809b203dd
  languageName: node
  linkType: hard

"@walletconnect/window-getters@npm:1.0.0, @walletconnect/window-getters@npm:^1.0.0":
  version: 1.0.0
  resolution: "@walletconnect/window-getters@npm:1.0.0"
  checksum: 192af7acb2051d304addb2e5a3f121fedd8c83ba6750018e3b0da5757bad525336bc5d9cb571f63b09828658764151da181337ec0e898811ad7f506910bd3b5f
  languageName: node
  linkType: hard

"@walletconnect/window-metadata@npm:1.0.0":
  version: 1.0.0
  resolution: "@walletconnect/window-metadata@npm:1.0.0"
  dependencies:
    "@walletconnect/window-getters": ^1.0.0
  checksum: eec506ff6d35ae6e88db1e38b6f514f6cbf1a45b979878e5e50819d229b616fc645a2b0816145b61acda2701042160a4e0685f080927b87461853a62a887a9e9
  languageName: node
  linkType: hard

"ansi-regex@npm:^4.1.0":
  version: 4.1.1
  resolution: "ansi-regex@npm:4.1.1"
  checksum: b1a6ee44cb6ecdabaa770b2ed500542714d4395d71c7e5c25baa631f680fb2ad322eb9ba697548d498a6fd366949fc8b5bfcf48d49a32803611f648005b01888
  languageName: node
  linkType: hard

"ansi-styles@npm:^3.2.0":
  version: 3.2.1
  resolution: "ansi-styles@npm:3.2.1"
  dependencies:
    color-convert: ^1.9.0
  checksum: d85ade01c10e5dd77b6c89f34ed7531da5830d2cb5882c645f330079975b716438cd7ebb81d0d6e6b4f9c577f19ae41ab55f07f19786b02f9dfd9e0377395665
  languageName: node
  linkType: hard

"base64-js@npm:^1.3.1":
  version: 1.5.1
  resolution: "base64-js@npm:1.5.1"
  checksum: 669632eb3745404c2f822a18fc3a0122d2f9a7a13f7fb8b5823ee19d1d2ff9ee5b52c53367176ea4ad093c332fd5ab4bd0ebae5a8e27917a4105a4cfc86b1005
  languageName: node
  linkType: hard

"bn.js@npm:4.11.8":
  version: 4.11.8
  resolution: "bn.js@npm:4.11.8"
  checksum: 80d4709cd58a21f0be8201e9e5859fea5ef133318e9800c8454cd334625c6e1caea593ca21f9b9a085fb560fbc12fb2fb3514363f8604258db924237fd039139
  languageName: node
  linkType: hard

"buffer-alloc-unsafe@npm:^1.1.0":
  version: 1.1.0
  resolution: "buffer-alloc-unsafe@npm:1.1.0"
  checksum: c5e18bf51f67754ec843c9af3d4c005051aac5008a3992938dda1344e5cfec77c4b02b4ca303644d1e9a6e281765155ce6356d85c6f5ccc5cd21afc868def396
  languageName: node
  linkType: hard

"buffer-alloc@npm:^1.2.0":
  version: 1.2.0
  resolution: "buffer-alloc@npm:1.2.0"
  dependencies:
    buffer-alloc-unsafe: ^1.1.0
    buffer-fill: ^1.0.0
  checksum: 560cd27f3cbe73c614867da373407d4506309c62fe18de45a1ce191f3785ec6ca2488d802ff82065798542422980ca25f903db078c57822218182c37c3576df5
  languageName: node
  linkType: hard

"buffer-fill@npm:^1.0.0":
  version: 1.0.0
  resolution: "buffer-fill@npm:1.0.0"
  checksum: c29b4723ddeab01e74b5d3b982a0c6828f2ded49cef049ddca3dac661c874ecdbcecb5dd8380cf0f4adbeb8cff90a7de724126750a1f1e5ebd4eb6c59a1315b1
  languageName: node
  linkType: hard

"buffer-from@npm:^1.1.1":
  version: 1.1.2
  resolution: "buffer-from@npm:1.1.2"
  checksum: 0448524a562b37d4d7ed9efd91685a5b77a50672c556ea254ac9a6d30e3403a517d8981f10e565db24e8339413b43c97ca2951f10e399c6125a0d8911f5679bb
  languageName: node
  linkType: hard

"buffer@npm:^5.4.3":
  version: 5.7.1
  resolution: "buffer@npm:5.7.1"
  dependencies:
    base64-js: ^1.3.1
    ieee754: ^1.1.13
  checksum: e2cf8429e1c4c7b8cbd30834ac09bd61da46ce35f5c22a78e6c2f04497d6d25541b16881e30a019c6fd3154150650ccee27a308eff3e26229d788bbdeb08ab84
  languageName: node
  linkType: hard

"camelcase@npm:^5.0.0":
  version: 5.3.1
  resolution: "camelcase@npm:5.3.1"
  checksum: e6effce26b9404e3c0f301498184f243811c30dfe6d0b9051863bd8e4034d09c8c2923794f280d6827e5aa055f6c434115ff97864a16a963366fb35fd673024b
  languageName: node
  linkType: hard

"cliui@npm:^5.0.0":
  version: 5.0.0
  resolution: "cliui@npm:5.0.0"
  dependencies:
    string-width: ^3.1.0
    strip-ansi: ^5.2.0
    wrap-ansi: ^5.1.0
  checksum: 0bb8779efe299b8f3002a73619eaa8add4081eb8d1c17bc4fedc6240557fb4eacdc08fe87c39b002eacb6cfc117ce736b362dbfd8bf28d90da800e010ee97df4
  languageName: node
  linkType: hard

"color-convert@npm:^1.9.0":
  version: 1.9.3
  resolution: "color-convert@npm:1.9.3"
  dependencies:
    color-name: 1.1.3
  checksum: fd7a64a17cde98fb923b1dd05c5f2e6f7aefda1b60d67e8d449f9328b4e53b228a428fd38bfeaeb2db2ff6b6503a776a996150b80cdf224062af08a5c8a3a203
  languageName: node
  linkType: hard

"color-name@npm:1.1.3":
  version: 1.1.3
  resolution: "color-name@npm:1.1.3"
  checksum: 09c5d3e33d2105850153b14466501f2bfb30324a2f76568a408763a3b7433b0e50e5b4ab1947868e65cb101bb7cb75029553f2c333b6d4b8138a73fcc133d69d
  languageName: node
  linkType: hard

"copy-to-clipboard@npm:^3.3.1":
  version: 3.3.2
  resolution: "copy-to-clipboard@npm:3.3.2"
  dependencies:
    toggle-selection: ^1.0.6
  checksum: 968ec7ec3d0cf3067542b63dd244ba5d05e743899d7a0361fb0a3130e731d277f5ea54ea4d90fc88cc66eea2e4c67dc2dd8698e4ed360f921af5aa7c60b889ac
  languageName: node
  linkType: hard

"decamelize@npm:^1.2.0":
  version: 1.2.0
  resolution: "decamelize@npm:1.2.0"
  checksum: ad8c51a7e7e0720c70ec2eeb1163b66da03e7616d7b98c9ef43cce2416395e84c1e9548dd94f5f6ffecfee9f8b94251fc57121a8b021f2ff2469b2bae247b8aa
  languageName: node
  linkType: hard

"decode-uri-component@npm:^0.2.0":
  version: 0.2.0
  resolution: "decode-uri-component@npm:0.2.0"
  checksum: f3749344ab9305ffcfe4bfe300e2dbb61fc6359e2b736812100a3b1b6db0a5668cba31a05e4b45d4d63dbf1a18dfa354cd3ca5bb3ededddabb8cd293f4404f94
  languageName: node
  linkType: hard

"detect-browser@npm:5.2.0":
  version: 5.2.0
  resolution: "detect-browser@npm:5.2.0"
  checksum: 63b5c38fecc657ff12de01a41e6c8c97b3d610dffa37aef1983ec5bfb4314687d588c0c44c5ee03bd45ef15b7fe465bce9349c373369e6a7405f318e0aae56f9
  languageName: node
  linkType: hard

"dijkstrajs@npm:^1.0.1":
  version: 1.0.2
  resolution: "dijkstrajs@npm:1.0.2"
  checksum: 8cd822441a26f190da24d69bfab7b433d080b09e069e41e046ac84e152f182a1ed9478d531b34126e000adaa7b73114a0f85fcac117a7d25b3edf302d57c0d09
  languageName: node
  linkType: hard

"emoji-regex@npm:^7.0.1":
  version: 7.0.3
  resolution: "emoji-regex@npm:7.0.3"
  checksum: 9159b2228b1511f2870ac5920f394c7e041715429a68459ebe531601555f11ea782a8e1718f969df2711d38c66268174407cbca57ce36485544f695c2dfdc96e
  languageName: node
  linkType: hard

"find-up@npm:^3.0.0":
  version: 3.0.0
  resolution: "find-up@npm:3.0.0"
  dependencies:
    locate-path: ^3.0.0
  checksum: 38eba3fe7a66e4bc7f0f5a1366dc25508b7cfc349f852640e3678d26ad9a6d7e2c43eff0a472287de4a9753ef58f066a0ea892a256fa3636ad51b3fe1e17fae9
  languageName: node
  linkType: hard

"get-caller-file@npm:^2.0.1":
  version: 2.0.5
  resolution: "get-caller-file@npm:2.0.5"
  checksum: b9769a836d2a98c3ee734a88ba712e62703f1df31b94b784762c433c27a386dd6029ff55c2a920c392e33657d80191edbf18c61487e198844844516f843496b9
  languageName: node
  linkType: hard

"ieee754@npm:^1.1.13":
  version: 1.2.1
  resolution: "ieee754@npm:1.2.1"
  checksum: 5144c0c9815e54ada181d80a0b810221a253562422e7c6c3a60b1901154184f49326ec239d618c416c1c5945a2e197107aee8d986a3dd836b53dffefd99b5e7e
  languageName: node
  linkType: hard

"is-fullwidth-code-point@npm:^2.0.0":
  version: 2.0.0
  resolution: "is-fullwidth-code-point@npm:2.0.0"
  checksum: eef9c6e15f68085fec19ff6a978a6f1b8f48018fd1265035552078ee945573594933b09bbd6f562553e2a241561439f1ef5339276eba68d272001343084cfab8
  languageName: node
  linkType: hard

"is-typedarray@npm:1.0.0, is-typedarray@npm:^1.0.0":
  version: 1.0.0
  resolution: "is-typedarray@npm:1.0.0"
  checksum: 3508c6cd0a9ee2e0df2fa2e9baabcdc89e911c7bd5cf64604586697212feec525aa21050e48affb5ffc3df20f0f5d2e2cf79b08caa64e1ccc9578e251763aef7
  languageName: node
  linkType: hard

"isarray@npm:^2.0.1":
  version: 2.0.5
  resolution: "isarray@npm:2.0.5"
  checksum: bd5bbe4104438c4196ba58a54650116007fa0262eccef13a4c55b2e09a5b36b59f1e75b9fcc49883dd9d4953892e6fc007eef9e9155648ceea036e184b0f930a
  languageName: node
  linkType: hard

"js-sha3@npm:0.8.0":
  version: 0.8.0
  resolution: "js-sha3@npm:0.8.0"
  checksum: 75df77c1fc266973f06cce8309ce010e9e9f07ec35ab12022ed29b7f0d9c8757f5a73e1b35aa24840dced0dea7059085aa143d817aea9e188e2a80d569d9adce
  languageName: node
  linkType: hard

"keyvaluestorage-interface@npm:^1.0.0":
  version: 1.0.0
  resolution: "keyvaluestorage-interface@npm:1.0.0"
  checksum: e20530e71b738dc094ad170a91a98d4b9bdc772dd9044b23cdaaa102aafa8997b1ac867550a1e66ba1d64fcaa949214df31aed18413b4bac31e5fe1f2c76c9de
  languageName: node
  linkType: hard

"locate-path@npm:^3.0.0":
  version: 3.0.0
  resolution: "locate-path@npm:3.0.0"
  dependencies:
    p-locate: ^3.0.0
    path-exists: ^3.0.0
  checksum: 53db3996672f21f8b0bf2a2c645ae2c13ffdae1eeecfcd399a583bce8516c0b88dcb4222ca6efbbbeb6949df7e46860895be2c02e8d3219abd373ace3bfb4e11
  languageName: node
  linkType: hard

"p-limit@npm:^2.0.0":
  version: 2.3.0
  resolution: "p-limit@npm:2.3.0"
  dependencies:
    p-try: ^2.0.0
  checksum: 84ff17f1a38126c3314e91ecfe56aecbf36430940e2873dadaa773ffe072dc23b7af8e46d4b6485d302a11673fe94c6b67ca2cfbb60c989848b02100d0594ac1
  languageName: node
  linkType: hard

"p-locate@npm:^3.0.0":
  version: 3.0.0
  resolution: "p-locate@npm:3.0.0"
  dependencies:
    p-limit: ^2.0.0
  checksum: 83991734a9854a05fe9dbb29f707ea8a0599391f52daac32b86f08e21415e857ffa60f0e120bfe7ce0cc4faf9274a50239c7895fc0d0579d08411e513b83a4ae
  languageName: node
  linkType: hard

"p-try@npm:^2.0.0":
  version: 2.2.0
  resolution: "p-try@npm:2.2.0"
  checksum: f8a8e9a7693659383f06aec604ad5ead237c7a261c18048a6e1b5b85a5f8a067e469aa24f5bc009b991ea3b058a87f5065ef4176793a200d4917349881216cae
  languageName: node
  linkType: hard

"path-exists@npm:^3.0.0":
  version: 3.0.0
  resolution: "path-exists@npm:3.0.0"
  checksum: 96e92643aa34b4b28d0de1cd2eba52a1c5313a90c6542d03f62750d82480e20bfa62bc865d5cfc6165f5fcd5aeb0851043c40a39be5989646f223300021bae0a
  languageName: node
  linkType: hard

"pngjs@npm:^3.3.0":
  version: 3.4.0
  resolution: "pngjs@npm:3.4.0"
  checksum: 8bd40bd698abd16b72c97b85cb858c80894fbedc76277ce72a784aa441e14795d45d9856e97333ca469b34b67528860ffc8a7317ca6beea349b645366df00bcd
  languageName: node
  linkType: hard

"preact@npm:10.4.1":
  version: 10.4.1
  resolution: "preact@npm:10.4.1"
  checksum: e8c5eae6dca469226177394cf49994d6beab5b9b10d31e000d8b16d9b00bfa52cdd10b41331759d68646e7b8f601430d78eb025f9026263adc90150699800ed3
  languageName: node
  linkType: hard

"qrcode@npm:1.4.4":
  version: 1.4.4
  resolution: "qrcode@npm:1.4.4"
  dependencies:
    buffer: ^5.4.3
    buffer-alloc: ^1.2.0
    buffer-from: ^1.1.1
    dijkstrajs: ^1.0.1
    isarray: ^2.0.1
    pngjs: ^3.3.0
    yargs: ^13.2.4
  bin:
    qrcode: ./bin/qrcode
  checksum: 8c1a7ee3092c0ed60f0413594af879ac6dffb897d4921144a8e7ae3dce40c04ba6457ab21664ca43934ba3fe19cced85abaf0b87b07916239d7254d4bb4fcf13
  languageName: node
  linkType: hard

"query-string@npm:6.13.5":
  version: 6.13.5
  resolution: "query-string@npm:6.13.5"
  dependencies:
    decode-uri-component: ^0.2.0
    split-on-first: ^1.0.0
    strict-uri-encode: ^2.0.0
  checksum: 1019dea0ab277bdf606bcc022ec223a9ab9947608d2696114ef9198f72ae553be039705d6c52e16af43d9b79bac67385f63fb7fe9241cd2f7b703dd23c7ab8d3
  languageName: node
  linkType: hard

"require-directory@npm:^2.1.1":
  version: 2.1.1
  resolution: "require-directory@npm:2.1.1"
  checksum: fb47e70bf0001fdeabdc0429d431863e9475e7e43ea5f94ad86503d918423c1543361cc5166d713eaa7029dd7a3d34775af04764bebff99ef413111a5af18c80
  languageName: node
  linkType: hard

"require-main-filename@npm:^2.0.0":
  version: 2.0.0
  resolution: "require-main-filename@npm:2.0.0"
  checksum: e9e294695fea08b076457e9ddff854e81bffbe248ed34c1eec348b7abbd22a0d02e8d75506559e2265e96978f3c4720bd77a6dad84755de8162b357eb6c778c7
  languageName: node
  linkType: hard

"set-blocking@npm:^2.0.0":
  version: 2.0.0
  resolution: "set-blocking@npm:2.0.0"
  checksum: 6e65a05f7cf7ebdf8b7c75b101e18c0b7e3dff4940d480efed8aad3a36a4005140b660fa1d804cb8bce911cac290441dc728084a30504d3516ac2ff7ad607b02
  languageName: node
  linkType: hard

"split-on-first@npm:^1.0.0":
  version: 1.1.0
  resolution: "split-on-first@npm:1.1.0"
  checksum: 16ff85b54ddcf17f9147210a4022529b343edbcbea4ce977c8f30e38408b8d6e0f25f92cd35b86a524d4797f455e29ab89eb8db787f3c10708e0b47ebf528d30
  languageName: node
  linkType: hard

"strict-uri-encode@npm:^2.0.0":
  version: 2.0.0
  resolution: "strict-uri-encode@npm:2.0.0"
  checksum: eaac4cf978b6fbd480f1092cab8b233c9b949bcabfc9b598dd79a758f7243c28765ef7639c876fa72940dac687181b35486ea01ff7df3e65ce3848c64822c581
  languageName: node
  linkType: hard

"string-width@npm:^3.0.0, string-width@npm:^3.1.0":
  version: 3.1.0
  resolution: "string-width@npm:3.1.0"
  dependencies:
    emoji-regex: ^7.0.1
    is-fullwidth-code-point: ^2.0.0
    strip-ansi: ^5.1.0
  checksum: 57f7ca73d201682816d573dc68bd4bb8e1dff8dc9fcf10470fdfc3474135c97175fec12ea6a159e67339b41e86963112355b64529489af6e7e70f94a7caf08b2
  languageName: node
  linkType: hard

"strip-ansi@npm:^5.0.0, strip-ansi@npm:^5.1.0, strip-ansi@npm:^5.2.0":
  version: 5.2.0
  resolution: "strip-ansi@npm:5.2.0"
  dependencies:
    ansi-regex: ^4.1.0
  checksum: bdb5f76ade97062bd88e7723aa019adbfacdcba42223b19ccb528ffb9fb0b89a5be442c663c4a3fb25268eaa3f6ea19c7c3fbae830bd1562d55adccae1fcec46
  languageName: node
  linkType: hard

"toggle-selection@npm:^1.0.6":
  version: 1.0.6
  resolution: "toggle-selection@npm:1.0.6"
  checksum: a90dc80ed1e7b18db8f4e16e86a5574f87632dc729cfc07d9ea3ced50021ad42bb4e08f22c0913e0b98e3837b0b717e0a51613c65f30418e21eb99da6556a74c
  languageName: node
  linkType: hard

"typedarray-to-buffer@npm:3.1.5":
  version: 3.1.5
  resolution: "typedarray-to-buffer@npm:3.1.5"
  dependencies:
    is-typedarray: ^1.0.0
  checksum: 99c11aaa8f45189fcfba6b8a4825fd684a321caa9bd7a76a27cf0c7732c174d198b99f449c52c3818107430b5f41c0ccbbfb75cb2ee3ca4a9451710986d61a60
  languageName: node
  linkType: hard

"which-module@npm:^2.0.0":
  version: 2.0.0
  resolution: "which-module@npm:2.0.0"
  checksum: 809f7fd3dfcb2cdbe0180b60d68100c88785084f8f9492b0998c051d7a8efe56784492609d3f09ac161635b78ea29219eb1418a98c15ce87d085bce905705c9c
  languageName: node
  linkType: hard

"wrap-ansi@npm:^5.1.0":
  version: 5.1.0
  resolution: "wrap-ansi@npm:5.1.0"
  dependencies:
    ansi-styles: ^3.2.0
    string-width: ^3.0.0
    strip-ansi: ^5.0.0
  checksum: 9b48c862220e541eb0daa22661b38b947973fc57054e91be5b0f2dcc77741a6875ccab4ebe970a394b4682c8dfc17e888266a105fb8b0a9b23c19245e781ceae
  languageName: node
  linkType: hard

"ws@npm:7.5.3":
  version: 7.5.3
  resolution: "ws@npm:7.5.3"
  peerDependencies:
    bufferutil: ^4.0.1
    utf-8-validate: ^5.0.2
  peerDependenciesMeta:
    bufferutil:
      optional: true
    utf-8-validate:
      optional: true
  checksum: 423dc0d859fa74020f5555140905b862470a60ea1567bb9ad55a087263d7718b9c94f69678be1cee9868925c570f1e6fc79d09f90c39057bc63fa2edbb2c547b
  languageName: node
  linkType: hard

"y18n@npm:^4.0.0":
  version: 4.0.3
  resolution: "y18n@npm:4.0.3"
  checksum: 014dfcd9b5f4105c3bb397c1c8c6429a9df004aa560964fb36732bfb999bfe83d45ae40aeda5b55d21b1ee53d8291580a32a756a443e064317953f08025b1aa4
  languageName: node
  linkType: hard

"yargs-parser@npm:^13.1.2":
  version: 13.1.2
  resolution: "yargs-parser@npm:13.1.2"
  dependencies:
    camelcase: ^5.0.0
    decamelize: ^1.2.0
  checksum: c8bb6f44d39a4acd94462e96d4e85469df865de6f4326e0ab1ac23ae4a835e5dd2ddfe588317ebf80c3a7e37e741bd5cb0dc8d92bcc5812baefb7df7c885e86b
  languageName: node
  linkType: hard

"yargs@npm:^13.2.4":
  version: 13.3.2
  resolution: "yargs@npm:13.3.2"
  dependencies:
    cliui: ^5.0.0
    find-up: ^3.0.0
    get-caller-file: ^2.0.1
    require-directory: ^2.1.1
    require-main-filename: ^2.0.0
    set-blocking: ^2.0.0
    string-width: ^3.0.0
    which-module: ^2.0.0
    y18n: ^4.0.0
    yargs-parser: ^13.1.2
  checksum: 75c13e837eb2bb25717957ba58d277e864efc0cca7f945c98bdf6477e6ec2f9be6afa9ed8a876b251a21423500c148d7b91e88dee7adea6029bdec97af1ef3e8
  languageName: node
  linkType: hard
